
Microsoft Visual Studio Solution File, Format Version 12.00
# Visual Studio Version 16
VisualStudioVersion = 16.0.30907.101
MinimumVisualStudioVersion = 10.0.40219.1
Project("{9A19103F-16F7-4668-BE54-9A1E7A4F7556}") = "serssly", "serssly.csproj", "{64EA7B39-16D7-48E4-90E6-A5F223549B9E}"
EndProject
Global
	GlobalSection(SolutionConfigurationPlatforms) = preSolution
		Debug|Any CPU = Debug|Any CPU
		Release|Any CPU = Release|Any CPU
	EndGlobalSection
	GlobalSection(ProjectConfigurationPlatforms) = postSolution
		{64EA7B39-16D7-48E4-90E6-A5F223549B9E}.Debug|Any CPU.ActiveCfg = Debug|Any CPU
		{64EA7B39-16D7-48E4-90E6-A5F223549B9E}.Debug|Any CPU.Build.0 = Debug|Any CPU
		{64EA7B39-16D7-48E4-90E6-A5F223549B9E}.Release|Any CPU.ActiveCfg = Release|Any CPU
		{64EA7B39-16D7-48E4-90E6-A5F223549B9E}.Release|Any CPU.Build.0 = Release|Any CPU
	EndGlobalSection
	GlobalSection(SolutionProperties) = preSolution
		HideSolutionNode = FALSE
	EndGlobalSection
	GlobalSection(ExtensibilityGlobals) = postSolution
		SolutionGuid = {C863FF69-62D6-4B20-99C4-F84EE6FFDA09}
	EndGlobalSection
EndGlobal
